
Microsoft Visual Studio Solution File, Format Version 12.00
# Visual Studio Version 16
VisualStudioVersion = 16.0.29728.190
MinimumVisualStudioVersion = 10.0.40219.1
Project("{8BC9CEB8-8B4A-11D0-8D11-00A0C91BC942}") = "B-spline drawer", "B-spline drawer\B-spline drawer.vcxproj", "{A91091DA-F93F-4104-AD3F-50F61998930B}"
EndProject
Global
	GlobalSection(SolutionConfigurationPlatforms) = preSolution
		Debug|x64 = Debug|x64
		Debug|x86 = Debug|x86
		Release|x64 = Release|x64
		Release|x86 = Release|x86
	EndGlobalSection
	GlobalSection(ProjectConfigurationPlatforms) = postSolution
		{A91091DA-F93F-4104-AD3F-50F61998930B}.Debug|x64.ActiveCfg = Debug|x64
		{A91091DA-F93F-4104-AD3F-50F61998930B}.Debug|x64.Build.0 = Debug|x64
		{A91091DA-F93F-4104-AD3F-50F61998930B}.Debug|x86.ActiveCfg = Debug|Win32
		{A91091DA-F93F-4104-AD3F-50F61998930B}.Debug|x86.Build.0 = Debug|Win32
		{A91091DA-F93F-4104-AD3F-50F61998930B}.Release|x64.ActiveCfg = Release|x64
		{A91091DA-F93F-4104-AD3F-50F61998930B}.Release|x64.Build.0 = Release|x64
		{A91091DA-F93F-4104-AD3F-50F61998930B}.Release|x86.ActiveCfg = Release|Win32
		{A91091DA-F93F-4104-AD3F-50F61998930B}.Release|x86.Build.0 = Release|Win32
	EndGlobalSection
	GlobalSection(SolutionProperties) = preSolution
		HideSolutionNode = FALSE
	EndGlobalSection
	GlobalSection(ExtensibilityGlobals) = postSolution
		SolutionGuid = {589ADAE0-2C1F-4EDB-A048-5F5A94FFE5A5}
	EndGlobalSection
EndGlobal
